
Microsoft Visual Studio Solution File, Format Version 12.00
# Visual Studio Version 16
VisualStudioVersion = 16.0.29025.244
MinimumVisualStudioVersion = 10.0.40219.1
Project("{9A19103F-16F7-4668-BE54-9A1E7A4F7556}") = "SecurePassword", "SecurePassword\SecurePassword.csproj", "{5209E075-97DD-4E33-BCF6-26D5F0C85F0E}"
EndProject
Project("{FAE04EC0-301F-11D3-BF4B-00C04F79EFBC}") = "Hashspeed", "Hashspeed\Hashspeed.csproj", "{6F727D5E-6896-4B3F-A722-BA6A9E1C7E5F}"
EndProject
Global
	GlobalSection(SolutionConfigurationPlatforms) = preSolution
		Debug|Any CPU = Debug|Any CPU
		Release|Any CPU = Release|Any CPU
	EndGlobalSection
	GlobalSection(ProjectConfigurationPlatforms) = postSolution
		{5209E075-97DD-4E33-BCF6-26D5F0C85F0E}.Debug|Any CPU.ActiveCfg = Debug|Any CPU
		{5209E075-97DD-4E33-BCF6-26D5F0C85F0E}.Debug|Any CPU.Build.0 = Debug|Any CPU
		{5209E075-97DD-4E33-BCF6-26D5F0C85F0E}.Release|Any CPU.ActiveCfg = Release|Any CPU
		{5209E075-97DD-4E33-BCF6-26D5F0C85F0E}.Release|Any CPU.Build.0 = Release|Any CPU
		{6F727D5E-6896-4B3F-A722-BA6A9E1C7E5F}.Debug|Any CPU.ActiveCfg = Debug|Any CPU
		{6F727D5E-6896-4B3F-A722-BA6A9E1C7E5F}.Debug|Any CPU.Build.0 = Debug|Any CPU
		{6F727D5E-6896-4B3F-A722-BA6A9E1C7E5F}.Release|Any CPU.ActiveCfg = Release|Any CPU
		{6F727D5E-6896-4B3F-A722-BA6A9E1C7E5F}.Release|Any CPU.Build.0 = Release|Any CPU
	EndGlobalSection
	GlobalSection(SolutionProperties) = preSolution
		HideSolutionNode = FALSE
	EndGlobalSection
	GlobalSection(ExtensibilityGlobals) = postSolution
		SolutionGuid = {F9429BE0-FC22-456D-A0A1-3BAE34B0713F}
	EndGlobalSection
EndGlobal
